# THIS IS AN AUTOGENERATED FILE. DO NOT EDIT THIS FILE DIRECTLY.
# yarn lockfile v1


"@dnd-kit/accessibility@^3.1.1":
  version "3.1.1"
  resolved "https://registry.yarnpkg.com/@dnd-kit/accessibility/-/accessibility-3.1.1.tgz#3b4202bd6bb370a0730f6734867785919beac6af"
  integrity sha512-2P+YgaXF+gRsIihwwY1gCsQSYnu9Zyj2py8kY5fFvUM1qm2WA2u639R6YNVfU4GWr+ZM5mqEsfHZZLoRONbemw==
  dependencies:
    tslib "^2.0.0"

"@dnd-kit/core@^6.3.1":
  version "6.3.1"
  resolved "https://registry.yarnpkg.com/@dnd-kit/core/-/core-6.3.1.tgz#4c36406a62c7baac499726f899935f93f0e6d003"
  integrity sha512-xkGBRQQab4RLwgXxoqETICr6S5JlogafbhNsidmrkVv2YRs5MLwpjoF2qpiGjQt8S9AoxtIV603s0GIUpY5eYQ==
  dependencies:
    "@dnd-kit/accessibility" "^3.1.1"
    "@dnd-kit/utilities" "^3.2.2"
    tslib "^2.0.0"

"@dnd-kit/utilities@^3.2.2":
  version "3.2.2"
  resolved "https://registry.yarnpkg.com/@dnd-kit/utilities/-/utilities-3.2.2.tgz#5a32b6af356dc5f74d61b37d6f7129a4040ced7b"
  integrity sha512-+MKAJEOfaBe5SmV6t34p80MMKhjvUz0vRrvVJbPT0WElzaOJ/1xs+D+KDv+tD/NE5ujfrChEcshd4fLn0wpiqg==
  dependencies:
    tslib "^2.0.0"

tslib@^2.0.0:
  version "2.8.1"
  resolved "https://registry.yarnpkg.com/tslib/-/tslib-2.8.1.tgz#612efe4ed235d567e8aba5f2a5fab70280ade83f"
  integrity sha512-oJFu94HQb+KVduSUQL7wnpmqnfmLsOA/nAh6b6EH0wCEoK0/mPeXU6c3wKDV83MkOuHPRHtSXKKU99IBazS/2w==
